
Microsoft Visual Studio Solution File, Format Version 12.00
# Visual Studio Version 16
VisualStudioVersion = 16.0.810.0
MinimumVisualStudioVersion = 10.0.40219.1
Project("{FAE04EC0-301F-11D3-BF4B-00C04F79EFBC}") = "ShellApp.Android", "MobileApp\ShellApp.Android\ShellApp.Android.csproj", "{D3BD063C-985C-4341-AFF0-81FCCB560BBE}"
EndProject
Project("{FAE04EC0-301F-11D3-BF4B-00C04F79EFBC}") = "ShellApp.iOS", "MobileApp\ShellApp.iOS\ShellApp.iOS.csproj", "{AAB7B61B-C372-45E4-AFB0-FA252ADA38C7}"
EndProject
Project("{FAE04EC0-301F-11D3-BF4B-00C04F79EFBC}") = "ShellApp", "MobileApp\ShellApp\ShellApp.csproj", "{1EC8C770-28A1-4086-BB22-6B45EC93FF28}"
EndProject
Project("{2150E333-8FDC-42A3-9474-1A3956D46DE8}") = "Solution Items", "Solution Items", "{6974FF6E-FCBD-4053-A99A-6A73F966FF9F}"
	ProjectSection(SolutionItems) = preProject
		tye.yaml = tye.yaml
		README.md = README.md
	EndProjectSection
EndProject
Project("{FAE04EC0-301F-11D3-BF4B-00C04F79EFBC}") = "Items", "Backend\Items\Items\Items.csproj", "{5BF480B4-0197-425B-9080-401ADF38B4F3}"
EndProject
Project("{FAE04EC0-301F-11D3-BF4B-00C04F79EFBC}") = "ShellApp.Web", "Backend\ShellApp.Web\ShellApp.Web.csproj", "{F1E0A135-806F-4662-8CA2-F1966704526F}"
EndProject
Project("{2150E333-8FDC-42A3-9474-1A3956D46DE8}") = "Backend", "Backend", "{81A0ED66-924D-403B-9E4B-21C3930FE68F}"
	ProjectSection(SolutionItems) = preProject
		Backend\README.md = Backend\README.md
	EndProjectSection
EndProject
Project("{FAE04EC0-301F-11D3-BF4B-00C04F79EFBC}") = "Items.Contracts", "Backend\Items\Items.Contracts\Items.Contracts.csproj", "{38044C3D-5854-40F3-8E8D-872FD32C1209}"
EndProject
Project("{FAE04EC0-301F-11D3-BF4B-00C04F79EFBC}") = "Application.Common", "Backend\Application.Common\Application.Common.csproj", "{5FED7965-6C68-4FD9-B308-680C5813068B}"
EndProject
Project("{FAE04EC0-301F-11D3-BF4B-00C04F79EFBC}") = "Contracts.Common", "Backend\Contracts.Common\Contracts.Common.csproj", "{9063402A-8E33-4584-9728-A890BD6A57F3}"
EndProject
Project("{FAE04EC0-301F-11D3-BF4B-00C04F79EFBC}") = "Domain", "Backend\Domain\Domain.csproj", "{C8189D1C-EDCB-427C-BCBE-23CCBDFB528F}"
EndProject
Project("{FAE04EC0-301F-11D3-BF4B-00C04F79EFBC}") = "Infrastructure", "Backend\Infrastructure\Infrastructure.csproj", "{AC4895C4-EC41-4BC3-B5E4-5F387D06B506}"
EndProject
Project("{2150E333-8FDC-42A3-9474-1A3956D46DE8}") = "MobileApp", "MobileApp", "{C8B8B7BF-2660-40E9-B1C3-FF635896E911}"
EndProject
Project("{2150E333-8FDC-42A3-9474-1A3956D46DE8}") = "Items", "Items", "{9A804F30-32B9-485E-8A30-249DCC8DD910}"
	ProjectSection(SolutionItems) = preProject
		Backend\Items\README.md = Backend\Items\README.md
	EndProjectSection
EndProject
Project("{FAE04EC0-301F-11D3-BF4B-00C04F79EFBC}") = "Items.WebAPI", "Backend\Items\Items.WebApi\Items.WebAPI.csproj", "{585BBBAF-5518-466D-939D-AF120D043848}"
EndProject
Project("{2150E333-8FDC-42A3-9474-1A3956D46DE8}") = "Identity", "Identity", "{3B582CD3-18E8-4C82-BE00-7BAD24BD4514}"
EndProject
Project("{FAE04EC0-301F-11D3-BF4B-00C04F79EFBC}") = "Identity", "Backend\Identity\Identity\Identity.csproj", "{24B30A68-9745-441E-A598-709653B7BABF}"
EndProject
Project("{FAE04EC0-301F-11D3-BF4B-00C04F79EFBC}") = "Identity.Contracts", "Backend\Identity\Identity.Contracts\Identity.Contracts.csproj", "{EB6CA940-3E91-4B3E-90C0-F0981E2753BA}"
EndProject
Project("{FAE04EC0-301F-11D3-BF4B-00C04F79EFBC}") = "Identity.WebAPI", "Backend\Identity\Identity.WebApi\Identity.WebAPI.csproj", "{459FCD53-EE36-43C6-828D-D81DAB9329DF}"
EndProject
Project("{FAE04EC0-301F-11D3-BF4B-00C04F79EFBC}") = "Identity.UI", "Backend\Identity\Identity.UI\Identity.UI.csproj", "{AE272313-031B-47BB-9FE8-3F41CFE5C797}"
EndProject
Global
	GlobalSection(SolutionConfigurationPlatforms) = preSolution
		Debug|Any CPU = Debug|Any CPU
		Release|Any CPU = Release|Any CPU
		Debug|iPhoneSimulator = Debug|iPhoneSimulator
		Release|iPhoneSimulator = Release|iPhoneSimulator
		Debug|iPhone = Debug|iPhone
		Release|iPhone = Release|iPhone
	EndGlobalSection
	GlobalSection(ProjectConfigurationPlatforms) = postSolution
		{D3BD063C-985C-4341-AFF0-81FCCB560BBE}.Debug|Any CPU.ActiveCfg = Debug|Any CPU
		{D3BD063C-985C-4341-AFF0-81FCCB560BBE}.Debug|Any CPU.Build.0 = Debug|Any CPU
		{D3BD063C-985C-4341-AFF0-81FCCB560BBE}.Release|Any CPU.ActiveCfg = Release|Any CPU
		{D3BD063C-985C-4341-AFF0-81FCCB560BBE}.Release|Any CPU.Build.0 = Release|Any CPU
		{D3BD063C-985C-4341-AFF0-81FCCB560BBE}.Debug|iPhoneSimulator.ActiveCfg = Debug|Any CPU
		{D3BD063C-985C-4341-AFF0-81FCCB560BBE}.Debug|iPhoneSimulator.Build.0 = Debug|Any CPU
		{D3BD063C-985C-4341-AFF0-81FCCB560BBE}.Release|iPhoneSimulator.ActiveCfg = Release|Any CPU
		{D3BD063C-985C-4341-AFF0-81FCCB560BBE}.Release|iPhoneSimulator.Build.0 = Release|Any CPU
		{D3BD063C-985C-4341-AFF0-81FCCB560BBE}.Debug|iPhone.ActiveCfg = Debug|Any CPU
		{D3BD063C-985C-4341-AFF0-81FCCB560BBE}.Debug|iPhone.Build.0 = Debug|Any CPU
		{D3BD063C-985C-4341-AFF0-81FCCB560BBE}.Release|iPhone.ActiveCfg = Release|Any CPU
		{D3BD063C-985C-4341-AFF0-81FCCB560BBE}.Release|iPhone.Build.0 = Release|Any CPU
		{AAB7B61B-C372-45E4-AFB0-FA252ADA38C7}.Debug|Any CPU.ActiveCfg = Debug|iPhoneSimulator
		{AAB7B61B-C372-45E4-AFB0-FA252ADA38C7}.Debug|Any CPU.Build.0 = Debug|iPhoneSimulator
		{AAB7B61B-C372-45E4-AFB0-FA252ADA38C7}.Release|Any CPU.ActiveCfg = Release|iPhoneSimulator
		{AAB7B61B-C372-45E4-AFB0-FA252ADA38C7}.Release|Any CPU.Build.0 = Release|iPhoneSimulator
		{AAB7B61B-C372-45E4-AFB0-FA252ADA38C7}.Debug|iPhoneSimulator.ActiveCfg = Debug|iPhoneSimulator
		{AAB7B61B-C372-45E4-AFB0-FA252ADA38C7}.Debug|iPhoneSimulator.Build.0 = Debug|iPhoneSimulator
		{AAB7B61B-C372-45E4-AFB0-FA252ADA38C7}.Release|iPhoneSimulator.ActiveCfg = Release|iPhoneSimulator
		{AAB7B61B-C372-45E4-AFB0-FA252ADA38C7}.Release|iPhoneSimulator.Build.0 = Release|iPhoneSimulator
		{AAB7B61B-C372-45E4-AFB0-FA252ADA38C7}.Debug|iPhone.ActiveCfg = Debug|iPhone
		{AAB7B61B-C372-45E4-AFB0-FA252ADA38C7}.Debug|iPhone.Build.0 = Debug|iPhone
		{AAB7B61B-C372-45E4-AFB0-FA252ADA38C7}.Release|iPhone.ActiveCfg = Release|iPhone
		{AAB7B61B-C372-45E4-AFB0-FA252ADA38C7}.Release|iPhone.Build.0 = Release|iPhone
		{1EC8C770-28A1-4086-BB22-6B45EC93FF28}.Debug|Any CPU.ActiveCfg = Debug|Any CPU
		{1EC8C770-28A1-4086-BB22-6B45EC93FF28}.Debug|Any CPU.Build.0 = Debug|Any CPU
		{1EC8C770-28A1-4086-BB22-6B45EC93FF28}.Release|Any CPU.ActiveCfg = Release|Any CPU
		{1EC8C770-28A1-4086-BB22-6B45EC93FF28}.Release|Any CPU.Build.0 = Release|Any CPU
		{1EC8C770-28A1-4086-BB22-6B45EC93FF28}.Debug|iPhoneSimulator.ActiveCfg = Debug|Any CPU
		{1EC8C770-28A1-4086-BB22-6B45EC93FF28}.Debug|iPhoneSimulator.Build.0 = Debug|Any CPU
		{1EC8C770-28A1-4086-BB22-6B45EC93FF28}.Release|iPhoneSimulator.ActiveCfg = Release|Any CPU
		{1EC8C770-28A1-4086-BB22-6B45EC93FF28}.Release|iPhoneSimulator.Build.0 = Release|Any CPU
		{1EC8C770-28A1-4086-BB22-6B45EC93FF28}.Debug|iPhone.ActiveCfg = Debug|Any CPU
		{1EC8C770-28A1-4086-BB22-6B45EC93FF28}.Debug|iPhone.Build.0 = Debug|Any CPU
		{1EC8C770-28A1-4086-BB22-6B45EC93FF28}.Release|iPhone.ActiveCfg = Release|Any CPU
		{1EC8C770-28A1-4086-BB22-6B45EC93FF28}.Release|iPhone.Build.0 = Release|Any CPU
		{5BF480B4-0197-425B-9080-401ADF38B4F3}.Debug|Any CPU.ActiveCfg = Debug|Any CPU
		{5BF480B4-0197-425B-9080-401ADF38B4F3}.Debug|Any CPU.Build.0 = Debug|Any CPU
		{5BF480B4-0197-425B-9080-401ADF38B4F3}.Release|Any CPU.ActiveCfg = Release|Any CPU
		{5BF480B4-0197-425B-9080-401ADF38B4F3}.Release|Any CPU.Build.0 = Release|Any CPU
		{5BF480B4-0197-425B-9080-401ADF38B4F3}.Debug|iPhoneSimulator.ActiveCfg = Debug|Any CPU
		{5BF480B4-0197-425B-9080-401ADF38B4F3}.Debug|iPhoneSimulator.Build.0 = Debug|Any CPU
		{5BF480B4-0197-425B-9080-401ADF38B4F3}.Release|iPhoneSimulator.ActiveCfg = Release|Any CPU
		{5BF480B4-0197-425B-9080-401ADF38B4F3}.Release|iPhoneSimulator.Build.0 = Release|Any CPU
		{5BF480B4-0197-425B-9080-401ADF38B4F3}.Debug|iPhone.ActiveCfg = Debug|Any CPU
		{5BF480B4-0197-425B-9080-401ADF38B4F3}.Debug|iPhone.Build.0 = Debug|Any CPU
		{5BF480B4-0197-425B-9080-401ADF38B4F3}.Release|iPhone.ActiveCfg = Release|Any CPU
		{5BF480B4-0197-425B-9080-401ADF38B4F3}.Release|iPhone.Build.0 = Release|Any CPU
		{F1E0A135-806F-4662-8CA2-F1966704526F}.Debug|Any CPU.ActiveCfg = Debug|Any CPU
		{F1E0A135-806F-4662-8CA2-F1966704526F}.Debug|Any CPU.Build.0 = Debug|Any CPU
		{F1E0A135-806F-4662-8CA2-F1966704526F}.Release|Any CPU.ActiveCfg = Release|Any CPU
		{F1E0A135-806F-4662-8CA2-F1966704526F}.Release|Any CPU.Build.0 = Release|Any CPU
		{F1E0A135-806F-4662-8CA2-F1966704526F}.Debug|iPhoneSimulator.ActiveCfg = Debug|Any CPU
		{F1E0A135-806F-4662-8CA2-F1966704526F}.Debug|iPhoneSimulator.Build.0 = Debug|Any CPU
		{F1E0A135-806F-4662-8CA2-F1966704526F}.Release|iPhoneSimulator.ActiveCfg = Release|Any CPU
		{F1E0A135-806F-4662-8CA2-F1966704526F}.Release|iPhoneSimulator.Build.0 = Release|Any CPU
		{F1E0A135-806F-4662-8CA2-F1966704526F}.Debug|iPhone.ActiveCfg = Debug|Any CPU
		{F1E0A135-806F-4662-8CA2-F1966704526F}.Debug|iPhone.Build.0 = Debug|Any CPU
		{F1E0A135-806F-4662-8CA2-F1966704526F}.Release|iPhone.ActiveCfg = Release|Any CPU
		{F1E0A135-806F-4662-8CA2-F1966704526F}.Release|iPhone.Build.0 = Release|Any CPU
		{38044C3D-5854-40F3-8E8D-872FD32C1209}.Debug|Any CPU.ActiveCfg = Debug|Any CPU
		{38044C3D-5854-40F3-8E8D-872FD32C1209}.Debug|Any CPU.Build.0 = Debug|Any CPU
		{38044C3D-5854-40F3-8E8D-872FD32C1209}.Release|Any CPU.ActiveCfg = Release|Any CPU
		{38044C3D-5854-40F3-8E8D-872FD32C1209}.Release|Any CPU.Build.0 = Release|Any CPU
		{38044C3D-5854-40F3-8E8D-872FD32C1209}.Debug|iPhoneSimulator.ActiveCfg = Debug|Any CPU
		{38044C3D-5854-40F3-8E8D-872FD32C1209}.Debug|iPhoneSimulator.Build.0 = Debug|Any CPU
		{38044C3D-5854-40F3-8E8D-872FD32C1209}.Release|iPhoneSimulator.ActiveCfg = Release|Any CPU
		{38044C3D-5854-40F3-8E8D-872FD32C1209}.Release|iPhoneSimulator.Build.0 = Release|Any CPU
		{38044C3D-5854-40F3-8E8D-872FD32C1209}.Debug|iPhone.ActiveCfg = Debug|Any CPU
		{38044C3D-5854-40F3-8E8D-872FD32C1209}.Debug|iPhone.Build.0 = Debug|Any CPU
		{38044C3D-5854-40F3-8E8D-872FD32C1209}.Release|iPhone.ActiveCfg = Release|Any CPU
		{38044C3D-5854-40F3-8E8D-872FD32C1209}.Release|iPhone.Build.0 = Release|Any CPU
		{5FED7965-6C68-4FD9-B308-680C5813068B}.Debug|Any CPU.ActiveCfg = Debug|Any CPU
		{5FED7965-6C68-4FD9-B308-680C5813068B}.Debug|Any CPU.Build.0 = Debug|Any CPU
		{5FED7965-6C68-4FD9-B308-680C5813068B}.Release|Any CPU.ActiveCfg = Release|Any CPU
		{5FED7965-6C68-4FD9-B308-680C5813068B}.Release|Any CPU.Build.0 = Release|Any CPU
		{5FED7965-6C68-4FD9-B308-680C5813068B}.Debug|iPhoneSimulator.ActiveCfg = Debug|Any CPU
		{5FED7965-6C68-4FD9-B308-680C5813068B}.Debug|iPhoneSimulator.Build.0 = Debug|Any CPU
		{5FED7965-6C68-4FD9-B308-680C5813068B}.Release|iPhoneSimulator.ActiveCfg = Release|Any CPU
		{5FED7965-6C68-4FD9-B308-680C5813068B}.Release|iPhoneSimulator.Build.0 = Release|Any CPU
		{5FED7965-6C68-4FD9-B308-680C5813068B}.Debug|iPhone.ActiveCfg = Debug|Any CPU
		{5FED7965-6C68-4FD9-B308-680C5813068B}.Debug|iPhone.Build.0 = Debug|Any CPU
		{5FED7965-6C68-4FD9-B308-680C5813068B}.Release|iPhone.ActiveCfg = Release|Any CPU
		{5FED7965-6C68-4FD9-B308-680C5813068B}.Release|iPhone.Build.0 = Release|Any CPU
		{9063402A-8E33-4584-9728-A890BD6A57F3}.Debug|Any CPU.ActiveCfg = Debug|Any CPU
		{9063402A-8E33-4584-9728-A890BD6A57F3}.Debug|Any CPU.Build.0 = Debug|Any CPU
		{9063402A-8E33-4584-9728-A890BD6A57F3}.Release|Any CPU.ActiveCfg = Release|Any CPU
		{9063402A-8E33-4584-9728-A890BD6A57F3}.Release|Any CPU.Build.0 = Release|Any CPU
		{9063402A-8E33-4584-9728-A890BD6A57F3}.Debug|iPhoneSimulator.ActiveCfg = Debug|Any CPU
		{9063402A-8E33-4584-9728-A890BD6A57F3}.Debug|iPhoneSimulator.Build.0 = Debug|Any CPU
		{9063402A-8E33-4584-9728-A890BD6A57F3}.Release|iPhoneSimulator.ActiveCfg = Release|Any CPU
		{9063402A-8E33-4584-9728-A890BD6A57F3}.Release|iPhoneSimulator.Build.0 = Release|Any CPU
		{9063402A-8E33-4584-9728-A890BD6A57F3}.Debug|iPhone.ActiveCfg = Debug|Any CPU
		{9063402A-8E33-4584-9728-A890BD6A57F3}.Debug|iPhone.Build.0 = Debug|Any CPU
		{9063402A-8E33-4584-9728-A890BD6A57F3}.Release|iPhone.ActiveCfg = Release|Any CPU
		{9063402A-8E33-4584-9728-A890BD6A57F3}.Release|iPhone.Build.0 = Release|Any CPU
		{C8189D1C-EDCB-427C-BCBE-23CCBDFB528F}.Debug|Any CPU.ActiveCfg = Debug|Any CPU
		{C8189D1C-EDCB-427C-BCBE-23CCBDFB528F}.Debug|Any CPU.Build.0 = Debug|Any CPU
		{C8189D1C-EDCB-427C-BCBE-23CCBDFB528F}.Release|Any CPU.ActiveCfg = Release|Any CPU
		{C8189D1C-EDCB-427C-BCBE-23CCBDFB528F}.Release|Any CPU.Build.0 = Release|Any CPU
		{C8189D1C-EDCB-427C-BCBE-23CCBDFB528F}.Debug|iPhoneSimulator.ActiveCfg = Debug|Any CPU
		{C8189D1C-EDCB-427C-BCBE-23CCBDFB528F}.Debug|iPhoneSimulator.Build.0 = Debug|Any CPU
		{C8189D1C-EDCB-427C-BCBE-23CCBDFB528F}.Release|iPhoneSimulator.ActiveCfg = Release|Any CPU
		{C8189D1C-EDCB-427C-BCBE-23CCBDFB528F}.Release|iPhoneSimulator.Build.0 = Release|Any CPU
		{C8189D1C-EDCB-427C-BCBE-23CCBDFB528F}.Debug|iPhone.ActiveCfg = Debug|Any CPU
		{C8189D1C-EDCB-427C-BCBE-23CCBDFB528F}.Debug|iPhone.Build.0 = Debug|Any CPU
		{C8189D1C-EDCB-427C-BCBE-23CCBDFB528F}.Release|iPhone.ActiveCfg = Release|Any CPU
		{C8189D1C-EDCB-427C-BCBE-23CCBDFB528F}.Release|iPhone.Build.0 = Release|Any CPU
		{AC4895C4-EC41-4BC3-B5E4-5F387D06B506}.Debug|Any CPU.ActiveCfg = Debug|Any CPU
		{AC4895C4-EC41-4BC3-B5E4-5F387D06B506}.Debug|Any CPU.Build.0 = Debug|Any CPU
		{AC4895C4-EC41-4BC3-B5E4-5F387D06B506}.Release|Any CPU.ActiveCfg = Release|Any CPU
		{AC4895C4-EC41-4BC3-B5E4-5F387D06B506}.Release|Any CPU.Build.0 = Release|Any CPU
		{AC4895C4-EC41-4BC3-B5E4-5F387D06B506}.Debug|iPhoneSimulator.ActiveCfg = Debug|Any CPU
		{AC4895C4-EC41-4BC3-B5E4-5F387D06B506}.Debug|iPhoneSimulator.Build.0 = Debug|Any CPU
		{AC4895C4-EC41-4BC3-B5E4-5F387D06B506}.Release|iPhoneSimulator.ActiveCfg = Release|Any CPU
		{AC4895C4-EC41-4BC3-B5E4-5F387D06B506}.Release|iPhoneSimulator.Build.0 = Release|Any CPU
		{AC4895C4-EC41-4BC3-B5E4-5F387D06B506}.Debug|iPhone.ActiveCfg = Debug|Any CPU
		{AC4895C4-EC41-4BC3-B5E4-5F387D06B506}.Debug|iPhone.Build.0 = Debug|Any CPU
		{AC4895C4-EC41-4BC3-B5E4-5F387D06B506}.Release|iPhone.ActiveCfg = Release|Any CPU
		{AC4895C4-EC41-4BC3-B5E4-5F387D06B506}.Release|iPhone.Build.0 = Release|Any CPU
		{585BBBAF-5518-466D-939D-AF120D043848}.Debug|Any CPU.ActiveCfg = Debug|Any CPU
		{585BBBAF-5518-466D-939D-AF120D043848}.Debug|Any CPU.Build.0 = Debug|Any CPU
		{585BBBAF-5518-466D-939D-AF120D043848}.Release|Any CPU.ActiveCfg = Release|Any CPU
		{585BBBAF-5518-466D-939D-AF120D043848}.Release|Any CPU.Build.0 = Release|Any CPU
		{585BBBAF-5518-466D-939D-AF120D043848}.Debug|iPhoneSimulator.ActiveCfg = Debug|Any CPU
		{585BBBAF-5518-466D-939D-AF120D043848}.Debug|iPhoneSimulator.Build.0 = Debug|Any CPU
		{585BBBAF-5518-466D-939D-AF120D043848}.Release|iPhoneSimulator.ActiveCfg = Release|Any CPU
		{585BBBAF-5518-466D-939D-AF120D043848}.Release|iPhoneSimulator.Build.0 = Release|Any CPU
		{585BBBAF-5518-466D-939D-AF120D043848}.Debug|iPhone.ActiveCfg = Debug|Any CPU
		{585BBBAF-5518-466D-939D-AF120D043848}.Debug|iPhone.Build.0 = Debug|Any CPU
		{585BBBAF-5518-466D-939D-AF120D043848}.Release|iPhone.ActiveCfg = Release|Any CPU
		{585BBBAF-5518-466D-939D-AF120D043848}.Release|iPhone.Build.0 = Release|Any CPU
		{24B30A68-9745-441E-A598-709653B7BABF}.Debug|Any CPU.ActiveCfg = Debug|Any CPU
		{24B30A68-9745-441E-A598-709653B7BABF}.Debug|Any CPU.Build.0 = Debug|Any CPU
		{24B30A68-9745-441E-A598-709653B7BABF}.Release|Any CPU.ActiveCfg = Release|Any CPU
		{24B30A68-9745-441E-A598-709653B7BABF}.Release|Any CPU.Build.0 = Release|Any CPU
		{24B30A68-9745-441E-A598-709653B7BABF}.Debug|iPhoneSimulator.ActiveCfg = Debug|Any CPU
		{24B30A68-9745-441E-A598-709653B7BABF}.Debug|iPhoneSimulator.Build.0 = Debug|Any CPU
		{24B30A68-9745-441E-A598-709653B7BABF}.Release|iPhoneSimulator.ActiveCfg = Release|Any CPU
		{24B30A68-9745-441E-A598-709653B7BABF}.Release|iPhoneSimulator.Build.0 = Release|Any CPU
		{24B30A68-9745-441E-A598-709653B7BABF}.Debug|iPhone.ActiveCfg = Debug|Any CPU
		{24B30A68-9745-441E-A598-709653B7BABF}.Debug|iPhone.Build.0 = Debug|Any CPU
		{24B30A68-9745-441E-A598-709653B7BABF}.Release|iPhone.ActiveCfg = Release|Any CPU
		{24B30A68-9745-441E-A598-709653B7BABF}.Release|iPhone.Build.0 = Release|Any CPU
		{EB6CA940-3E91-4B3E-90C0-F0981E2753BA}.Debug|Any CPU.ActiveCfg = Debug|Any CPU
		{EB6CA940-3E91-4B3E-90C0-F0981E2753BA}.Debug|Any CPU.Build.0 = Debug|Any CPU
		{EB6CA940-3E91-4B3E-90C0-F0981E2753BA}.Release|Any CPU.ActiveCfg = Release|Any CPU
		{EB6CA940-3E91-4B3E-90C0-F0981E2753BA}.Release|Any CPU.Build.0 = Release|Any CPU
		{EB6CA940-3E91-4B3E-90C0-F0981E2753BA}.Debug|iPhoneSimulator.ActiveCfg = Debug|Any CPU
		{EB6CA940-3E91-4B3E-90C0-F0981E2753BA}.Debug|iPhoneSimulator.Build.0 = Debug|Any CPU
		{EB6CA940-3E91-4B3E-90C0-F0981E2753BA}.Release|iPhoneSimulator.ActiveCfg = Release|Any CPU
		{EB6CA940-3E91-4B3E-90C0-F0981E2753BA}.Release|iPhoneSimulator.Build.0 = Release|Any CPU
		{EB6CA940-3E91-4B3E-90C0-F0981E2753BA}.Debug|iPhone.ActiveCfg = Debug|Any CPU
		{EB6CA940-3E91-4B3E-90C0-F0981E2753BA}.Debug|iPhone.Build.0 = Debug|Any CPU
		{EB6CA940-3E91-4B3E-90C0-F0981E2753BA}.Release|iPhone.ActiveCfg = Release|Any CPU
		{EB6CA940-3E91-4B3E-90C0-F0981E2753BA}.Release|iPhone.Build.0 = Release|Any CPU
		{459FCD53-EE36-43C6-828D-D81DAB9329DF}.Debug|Any CPU.ActiveCfg = Debug|Any CPU
		{459FCD53-EE36-43C6-828D-D81DAB9329DF}.Debug|Any CPU.Build.0 = Debug|Any CPU
		{459FCD53-EE36-43C6-828D-D81DAB9329DF}.Release|Any CPU.ActiveCfg = Release|Any CPU
		{459FCD53-EE36-43C6-828D-D81DAB9329DF}.Release|Any CPU.Build.0 = Release|Any CPU
		{459FCD53-EE36-43C6-828D-D81DAB9329DF}.Debug|iPhoneSimulator.ActiveCfg = Debug|Any CPU
		{459FCD53-EE36-43C6-828D-D81DAB9329DF}.Debug|iPhoneSimulator.Build.0 = Debug|Any CPU
		{459FCD53-EE36-43C6-828D-D81DAB9329DF}.Release|iPhoneSimulator.ActiveCfg = Release|Any CPU
		{459FCD53-EE36-43C6-828D-D81DAB9329DF}.Release|iPhoneSimulator.Build.0 = Release|Any CPU
		{459FCD53-EE36-43C6-828D-D81DAB9329DF}.Debug|iPhone.ActiveCfg = Debug|Any CPU
		{459FCD53-EE36-43C6-828D-D81DAB9329DF}.Debug|iPhone.Build.0 = Debug|Any CPU
		{459FCD53-EE36-43C6-828D-D81DAB9329DF}.Release|iPhone.ActiveCfg = Release|Any CPU
		{459FCD53-EE36-43C6-828D-D81DAB9329DF}.Release|iPhone.Build.0 = Release|Any CPU
		{AE272313-031B-47BB-9FE8-3F41CFE5C797}.Debug|Any CPU.ActiveCfg = Debug|Any CPU
		{AE272313-031B-47BB-9FE8-3F41CFE5C797}.Debug|Any CPU.Build.0 = Debug|Any CPU
		{AE272313-031B-47BB-9FE8-3F41CFE5C797}.Release|Any CPU.ActiveCfg = Release|Any CPU
		{AE272313-031B-47BB-9FE8-3F41CFE5C797}.Release|Any CPU.Build.0 = Release|Any CPU
		{AE272313-031B-47BB-9FE8-3F41CFE5C797}.Debug|iPhoneSimulator.ActiveCfg = Debug|Any CPU
		{AE272313-031B-47BB-9FE8-3F41CFE5C797}.Debug|iPhoneSimulator.Build.0 = Debug|Any CPU
		{AE272313-031B-47BB-9FE8-3F41CFE5C797}.Release|iPhoneSimulator.ActiveCfg = Release|Any CPU
		{AE272313-031B-47BB-9FE8-3F41CFE5C797}.Release|iPhoneSimulator.Build.0 = Release|Any CPU
		{AE272313-031B-47BB-9FE8-3F41CFE5C797}.Debug|iPhone.ActiveCfg = Debug|Any CPU
		{AE272313-031B-47BB-9FE8-3F41CFE5C797}.Debug|iPhone.Build.0 = Debug|Any CPU
		{AE272313-031B-47BB-9FE8-3F41CFE5C797}.Release|iPhone.ActiveCfg = Release|Any CPU
		{AE272313-031B-47BB-9FE8-3F41CFE5C797}.Release|iPhone.Build.0 = Release|Any CPU
	EndGlobalSection
	GlobalSection(SolutionProperties) = preSolution
		HideSolutionNode = FALSE
	EndGlobalSection
	GlobalSection(ExtensibilityGlobals) = postSolution
		SolutionGuid = {53A61A16-69D4-4D0A-80C3-615D8CFCD54B}
	EndGlobalSection
	GlobalSection(NestedProjects) = preSolution
		{5BF480B4-0197-425B-9080-401ADF38B4F3} = {9A804F30-32B9-485E-8A30-249DCC8DD910}
		{F1E0A135-806F-4662-8CA2-F1966704526F} = {81A0ED66-924D-403B-9E4B-21C3930FE68F}
		{38044C3D-5854-40F3-8E8D-872FD32C1209} = {9A804F30-32B9-485E-8A30-249DCC8DD910}
		{5FED7965-6C68-4FD9-B308-680C5813068B} = {81A0ED66-924D-403B-9E4B-21C3930FE68F}
		{9063402A-8E33-4584-9728-A890BD6A57F3} = {81A0ED66-924D-403B-9E4B-21C3930FE68F}
		{C8189D1C-EDCB-427C-BCBE-23CCBDFB528F} = {81A0ED66-924D-403B-9E4B-21C3930FE68F}
		{AC4895C4-EC41-4BC3-B5E4-5F387D06B506} = {81A0ED66-924D-403B-9E4B-21C3930FE68F}
		{1EC8C770-28A1-4086-BB22-6B45EC93FF28} = {C8B8B7BF-2660-40E9-B1C3-FF635896E911}
		{D3BD063C-985C-4341-AFF0-81FCCB560BBE} = {C8B8B7BF-2660-40E9-B1C3-FF635896E911}
		{AAB7B61B-C372-45E4-AFB0-FA252ADA38C7} = {C8B8B7BF-2660-40E9-B1C3-FF635896E911}
		{9A804F30-32B9-485E-8A30-249DCC8DD910} = {81A0ED66-924D-403B-9E4B-21C3930FE68F}
		{585BBBAF-5518-466D-939D-AF120D043848} = {9A804F30-32B9-485E-8A30-249DCC8DD910}
		{3B582CD3-18E8-4C82-BE00-7BAD24BD4514} = {81A0ED66-924D-403B-9E4B-21C3930FE68F}
		{24B30A68-9745-441E-A598-709653B7BABF} = {3B582CD3-18E8-4C82-BE00-7BAD24BD4514}
		{EB6CA940-3E91-4B3E-90C0-F0981E2753BA} = {3B582CD3-18E8-4C82-BE00-7BAD24BD4514}
		{459FCD53-EE36-43C6-828D-D81DAB9329DF} = {3B582CD3-18E8-4C82-BE00-7BAD24BD4514}
		{AE272313-031B-47BB-9FE8-3F41CFE5C797} = {3B582CD3-18E8-4C82-BE00-7BAD24BD4514}
	EndGlobalSection
EndGlobal
